// !$*UTF8*$!
{
	archiveVersion = 1;
	classes = {
	};
	objectVersion = 77;
	objects = {

/* Begin PBXBuildFile section */
		6475C4F5DA68175BB675814C /* Pods_AppCICDSwiftUI_AppCICDSwiftUIUITests.framework in Frameworks */ = {isa = PBXBuildFile; fileRef = 7578587AD7BAEB80BB2C25BA /* Pods_AppCICDSwiftUI_AppCICDSwiftUIUITests.framework */; };
		A057B6060D3B276A6BE92C7F /* Pods_AppCICDSwiftUI.framework in Frameworks */ = {isa = PBXBuildFile; fileRef = 5EB2867463B2E1A92F1FCE3D /* Pods_AppCICDSwiftUI.framework */; };
		C92E98D12BBB18497965FB33 /* Pods_AppCICDSwiftUI_AppCICDSwiftUITests.framework in Frameworks */ = {isa = PBXBuildFile; fileRef = 21B1C231D8639BE2F800B6A7 /* Pods_AppCICDSwiftUI_AppCICDSwiftUITests.framework */; };
/* End PBXBuildFile section */

/* Begin PBXContainerItemProxy section */
		FA56E6AF2DA6E981006430E7 /* PBXContainerItemProxy */ = {
			isa = PBXContainerItemProxy;
			containerPortal = FA56E6962DA6E980006430E7 /* Project object */;
			proxyType = 1;
			remoteGlobalIDString = FA56E69D2DA6E980006430E7;
			remoteInfo = AppCICDSwiftUI;
		};
		FA56E6B92DA6E981006430E7 /* PBXContainerItemProxy */ = {
			isa = PBXContainerItemProxy;
			containerPortal = FA56E6962DA6E980006430E7 /* Project object */;
			proxyType = 1;
			remoteGlobalIDString = FA56E69D2DA6E980006430E7;
			remoteInfo = AppCICDSwiftUI;
		};
/* End PBXContainerItemProxy section */

/* Begin PBXFileReference section */
		004F6C7ACA14A809C114DF6C /* Pods-AppCICDSwiftUI.debug.xcconfig */ = {isa = PBXFileReference; includeInIndex = 1; lastKnownFileType = text.xcconfig; name = "Pods-AppCICDSwiftUI.debug.xcconfig"; path = "Target Support Files/Pods-AppCICDSwiftUI/Pods-AppCICDSwiftUI.debug.xcconfig"; sourceTree = "<group>"; };
		21B1C231D8639BE2F800B6A7 /* Pods_AppCICDSwiftUI_AppCICDSwiftUITests.framework */ = {isa = PBXFileReference; explicitFileType = wrapper.framework; includeInIndex = 0; path = Pods_AppCICDSwiftUI_AppCICDSwiftUITests.framework; sourceTree = BUILT_PRODUCTS_DIR; };
		21E40CC1C257EEF8A1252B0E /* Pods-AppCICDSwiftUI.release.xcconfig */ = {isa = PBXFileReference; includeInIndex = 1; lastKnownFileType = text.xcconfig; name = "Pods-AppCICDSwiftUI.release.xcconfig"; path = "Target Support Files/Pods-AppCICDSwiftUI/Pods-AppCICDSwiftUI.release.xcconfig"; sourceTree = "<group>"; };
		29EC6807369D712136D7DA16 /* Pods-AppCICDSwiftUI-AppCICDSwiftUIUITests.release.xcconfig */ = {isa = PBXFileReference; includeInIndex = 1; lastKnownFileType = text.xcconfig; name = "Pods-AppCICDSwiftUI-AppCICDSwiftUIUITests.release.xcconfig"; path = "Target Support Files/Pods-AppCICDSwiftUI-AppCICDSwiftUIUITests/Pods-AppCICDSwiftUI-AppCICDSwiftUIUITests.release.xcconfig"; sourceTree = "<group>"; };
		58D18A5778C7B587B9F7923B /* Pods-AppCICDSwiftUITests.release.xcconfig */ = {isa = PBXFileReference; includeInIndex = 1; lastKnownFileType = text.xcconfig; name = "Pods-AppCICDSwiftUITests.release.xcconfig"; path = "Target Support Files/Pods-AppCICDSwiftUITests/Pods-AppCICDSwiftUITests.release.xcconfig"; sourceTree = "<group>"; };
		5EB2867463B2E1A92F1FCE3D /* Pods_AppCICDSwiftUI.framework */ = {isa = PBXFileReference; explicitFileType = wrapper.framework; includeInIndex = 0; path = Pods_AppCICDSwiftUI.framework; sourceTree = BUILT_PRODUCTS_DIR; };
		7578587AD7BAEB80BB2C25BA /* Pods_AppCICDSwiftUI_AppCICDSwiftUIUITests.framework */ = {isa = PBXFileReference; explicitFileType = wrapper.framework; includeInIndex = 0; path = Pods_AppCICDSwiftUI_AppCICDSwiftUIUITests.framework; sourceTree = BUILT_PRODUCTS_DIR; };
		9D74A98172AA4D14EC757DEC /* Pods-AppCICDSwiftUI-AppCICDSwiftUIUITests.debug.xcconfig */ = {isa = PBXFileReference; includeInIndex = 1; lastKnownFileType = text.xcconfig; name = "Pods-AppCICDSwiftUI-AppCICDSwiftUIUITests.debug.xcconfig"; path = "Target Support Files/Pods-AppCICDSwiftUI-AppCICDSwiftUIUITests/Pods-AppCICDSwiftUI-AppCICDSwiftUIUITests.debug.xcconfig"; sourceTree = "<group>"; };
		B98017DDDC7D66A8DACEF397 /* Pods-AppCICDSwiftUITests.debug.xcconfig */ = {isa = PBXFileReference; includeInIndex = 1; lastKnownFileType = text.xcconfig; name = "Pods-AppCICDSwiftUITests.debug.xcconfig"; path = "Target Support Files/Pods-AppCICDSwiftUITests/Pods-AppCICDSwiftUITests.debug.xcconfig"; sourceTree = "<group>"; };
		C70AAEBD344C008EF7513344 /* Pods-AppCICDSwiftUI-AppCICDSwiftUITests.debug.xcconfig */ = {isa = PBXFileReference; includeInIndex = 1; lastKnownFileType = text.xcconfig; name = "Pods-AppCICDSwiftUI-AppCICDSwiftUITests.debug.xcconfig"; path = "Target Support Files/Pods-AppCICDSwiftUI-AppCICDSwiftUITests/Pods-AppCICDSwiftUI-AppCICDSwiftUITests.debug.xcconfig"; sourceTree = "<group>"; };
		F04B5C4A15DD0158D593277A /* Pods-AppCICDSwiftUI-AppCICDSwiftUITests.release.xcconfig */ = {isa = PBXFileReference; includeInIndex = 1; lastKnownFileType = text.xcconfig; name = "Pods-AppCICDSwiftUI-AppCICDSwiftUITests.release.xcconfig"; path = "Target Support Files/Pods-AppCICDSwiftUI-AppCICDSwiftUITests/Pods-AppCICDSwiftUI-AppCICDSwiftUITests.release.xcconfig"; sourceTree = "<group>"; };
		FA56E69E2DA6E980006430E7 /* AppCICDSwiftUI.app */ = {isa = PBXFileReference; explicitFileType = wrapper.application; includeInIndex = 0; path = AppCICDSwiftUI.app; sourceTree = BUILT_PRODUCTS_DIR; };
		FA56E6AE2DA6E981006430E7 /* AppCICDSwiftUITests.xctest */ = {isa = PBXFileReference; explicitFileType = wrapper.cfbundle; includeInIndex = 0; path = AppCICDSwiftUITests.xctest; sourceTree = BUILT_PRODUCTS_DIR; };
		FA56E6B82DA6E981006430E7 /* AppCICDSwiftUIUITests.xctest */ = {isa = PBXFileReference; explicitFileType = wrapper.cfbundle; includeInIndex = 0; path = AppCICDSwiftUIUITests.xctest; sourceTree = BUILT_PRODUCTS_DIR; };
/* End PBXFileReference section */

/* Begin PBXFileSystemSynchronizedRootGroup section */
		FA56E6A02DA6E980006430E7 /* AppCICDSwiftUI */ = {
			isa = PBXFileSystemSynchronizedRootGroup;
			path = AppCICDSwiftUI;
			sourceTree = "<group>";
		};
		FA56E6B12DA6E981006430E7 /* AppCICDSwiftUITests */ = {
			isa = PBXFileSystemSynchronizedRootGroup;
			path = AppCICDSwiftUITests;
			sourceTree = "<group>";
		};
		FA56E6BB2DA6E981006430E7 /* AppCICDSwiftUIUITests */ = {
			isa = PBXFileSystemSynchronizedRootGroup;
			path = AppCICDSwiftUIUITests;
			sourceTree = "<group>";
		};
/* End PBXFileSystemSynchronizedRootGroup section */

/* Begin PBXFrameworksBuildPhase section */
		FA56E69B2DA6E980006430E7 /* Frameworks */ = {
			isa = PBXFrameworksBuildPhase;
			buildActionMask = 2147483647;
			files = (
				A057B6060D3B276A6BE92C7F /* Pods_AppCICDSwiftUI.framework in Frameworks */,
			);
			runOnlyForDeploymentPostprocessing = 0;
		};
		FA56E6AB2DA6E981006430E7 /* Frameworks */ = {
			isa = PBXFrameworksBuildPhase;
			buildActionMask = 2147483647;
			files = (
				C92E98D12BBB18497965FB33 /* Pods_AppCICDSwiftUI_AppCICDSwiftUITests.framework in Frameworks */,
			);
			runOnlyForDeploymentPostprocessing = 0;
		};
		FA56E6B52DA6E981006430E7 /* Frameworks */ = {
			isa = PBXFrameworksBuildPhase;
			buildActionMask = 2147483647;
			files = (
				6475C4F5DA68175BB675814C /* Pods_AppCICDSwiftUI_AppCICDSwiftUIUITests.framework in Frameworks */,
			);
			runOnlyForDeploymentPostprocessing = 0;
		};
/* End PBXFrameworksBuildPhase section */

/* Begin PBXGroup section */
		28F31357DB3E0ACD19C0B1CC /* Pods */ = {
			isa = PBXGroup;
			children = (
				004F6C7ACA14A809C114DF6C /* Pods-AppCICDSwiftUI.debug.xcconfig */,
				21E40CC1C257EEF8A1252B0E /* Pods-AppCICDSwiftUI.release.xcconfig */,
				9D74A98172AA4D14EC757DEC /* Pods-AppCICDSwiftUI-AppCICDSwiftUIUITests.debug.xcconfig */,
				29EC6807369D712136D7DA16 /* Pods-AppCICDSwiftUI-AppCICDSwiftUIUITests.release.xcconfig */,
				B98017DDDC7D66A8DACEF397 /* Pods-AppCICDSwiftUITests.debug.xcconfig */,
				58D18A5778C7B587B9F7923B /* Pods-AppCICDSwiftUITests.release.xcconfig */,
				C70AAEBD344C008EF7513344 /* Pods-AppCICDSwiftUI-AppCICDSwiftUITests.debug.xcconfig */,
				F04B5C4A15DD0158D593277A /* Pods-AppCICDSwiftUI-AppCICDSwiftUITests.release.xcconfig */,
			);
			path = Pods;
			sourceTree = "<group>";
		};
		9BBA61ABFE1AEA533B5CDEA8 /* Frameworks */ = {
			isa = PBXGroup;
			children = (
				5EB2867463B2E1A92F1FCE3D /* Pods_AppCICDSwiftUI.framework */,
				7578587AD7BAEB80BB2C25BA /* Pods_AppCICDSwiftUI_AppCICDSwiftUIUITests.framework */,
				21B1C231D8639BE2F800B6A7 /* Pods_AppCICDSwiftUI_AppCICDSwiftUITests.framework */,
			);
			name = Frameworks;
			sourceTree = "<group>";
		};
		FA56E6952DA6E980006430E7 = {
			isa = PBXGroup;
			children = (
				FA56E6A02DA6E980006430E7 /* AppCICDSwiftUI */,
				FA56E6B12DA6E981006430E7 /* AppCICDSwiftUITests */,
				FA56E6BB2DA6E981006430E7 /* AppCICDSwiftUIUITests */,
				FA56E69F2DA6E980006430E7 /* Products */,
				28F31357DB3E0ACD19C0B1CC /* Pods */,
				9BBA61ABFE1AEA533B5CDEA8 /* Frameworks */,
			);
			sourceTree = "<group>";
		};
		FA56E69F2DA6E980006430E7 /* Products */ = {
			isa = PBXGroup;
			children = (
				FA56E69E2DA6E980006430E7 /* AppCICDSwiftUI.app */,
				FA56E6AE2DA6E981006430E7 /* AppCICDSwiftUITests.xctest */,
				FA56E6B82DA6E981006430E7 /* AppCICDSwiftUIUITests.xctest */,
			);
			name = Products;
			sourceTree = "<group>";
		};
/* End PBXGroup section */

/* Begin PBXNativeTarget section */
		FA56E69D2DA6E980006430E7 /* AppCICDSwiftUI */ = {
			isa = PBXNativeTarget;
			buildConfigurationList = FA56E6C22DA6E981006430E7 /* Build configuration list for PBXNativeTarget "AppCICDSwiftUI" */;
			buildPhases = (
				DFB55E6C11FB8565F9F5B659 /* [CP] Check Pods Manifest.lock */,
				FA56E69A2DA6E980006430E7 /* Sources */,
				FA56E69B2DA6E980006430E7 /* Frameworks */,
				FA56E69C2DA6E980006430E7 /* Resources */,
				2B0873AADA5B56AEE6ED508C /* [CP] Embed Pods Frameworks */,
			);
			buildRules = (
			);
			dependencies = (
			);
			fileSystemSynchronizedGroups = (
				FA56E6A02DA6E980006430E7 /* AppCICDSwiftUI */,
			);
			name = AppCICDSwiftUI;
			productName = AppCICDSwiftUI;
			productReference = FA56E69E2DA6E980006430E7 /* AppCICDSwiftUI.app */;
			productType = "com.apple.product-type.application";
		};
		FA56E6AD2DA6E981006430E7 /* AppCICDSwiftUITests */ = {
			isa = PBXNativeTarget;
			buildConfigurationList = FA56E6C52DA6E981006430E7 /* Build configuration list for PBXNativeTarget "AppCICDSwiftUITests" */;
			buildPhases = (
				2C163F2037FD9CC61F741BCA /* [CP] Check Pods Manifest.lock */,
				FA56E6AA2DA6E981006430E7 /* Sources */,
				FA56E6AB2DA6E981006430E7 /* Frameworks */,
				FA56E6AC2DA6E981006430E7 /* Resources */,
				5D394570BAAF7A35CE055968 /* [CP] Embed Pods Frameworks */,
			);
			buildRules = (
			);
			dependencies = (
				FA56E6B02DA6E981006430E7 /* PBXTargetDependency */,
			);
			fileSystemSynchronizedGroups = (
				FA56E6B12DA6E981006430E7 /* AppCICDSwiftUITests */,
			);
			name = AppCICDSwiftUITests;
			productName = AppCICDSwiftUITests;
			productReference = FA56E6AE2DA6E981006430E7 /* AppCICDSwiftUITests.xctest */;
			productType = "com.apple.product-type.bundle.unit-test";
		};
		FA56E6B72DA6E981006430E7 /* AppCICDSwiftUIUITests */ = {
			isa = PBXNativeTarget;
			buildConfigurationList = FA56E6C82DA6E981006430E7 /* Build configuration list for PBXNativeTarget "AppCICDSwiftUIUITests" */;
			buildPhases = (
				36D9B3BECC3700A3BD27E331 /* [CP] Check Pods Manifest.lock */,
				FA56E6B42DA6E981006430E7 /* Sources */,
				FA56E6B52DA6E981006430E7 /* Frameworks */,
				FA56E6B62DA6E981006430E7 /* Resources */,
				CDFD39E3AA384335120ABC27 /* [CP] Embed Pods Frameworks */,
			);
			buildRules = (
			);
			dependencies = (
				FA56E6BA2DA6E981006430E7 /* PBXTargetDependency */,
			);
			fileSystemSynchronizedGroups = (
				FA56E6BB2DA6E981006430E7 /* AppCICDSwiftUIUITests */,
			);
			name = AppCICDSwiftUIUITests;
			productName = AppCICDSwiftUIUITests;
			productReference = FA56E6B82DA6E981006430E7 /* AppCICDSwiftUIUITests.xctest */;
			productType = "com.apple.product-type.bundle.ui-testing";
		};
/* End PBXNativeTarget section */

/* Begin PBXProject section */
		FA56E6962DA6E980006430E7 /* Project object */ = {
			isa = PBXProject;
			attributes = {
				BuildIndependentTargetsInParallel = 1;
				LastSwiftUpdateCheck = 1610;
				LastUpgradeCheck = 1610;
				TargetAttributes = {
					FA56E69D2DA6E980006430E7 = {
						CreatedOnToolsVersion = 16.1;
					};
					FA56E6AD2DA6E981006430E7 = {
						CreatedOnToolsVersion = 16.1;
						TestTargetID = FA56E69D2DA6E980006430E7;
					};
					FA56E6B72DA6E981006430E7 = {
						CreatedOnToolsVersion = 16.1;
						TestTargetID = FA56E69D2DA6E980006430E7;
					};
				};
			};
			buildConfigurationList = FA56E6992DA6E980006430E7 /* Build configuration list for PBXProject "AppCICDSwiftUI" */;
			developmentRegion = en;
			hasScannedForEncodings = 0;
			knownRegions = (
				en,
				Base,
			);
			mainGroup = FA56E6952DA6E980006430E7;
			minimizedProjectReferenceProxies = 1;
			preferredProjectObjectVersion = 77;
			productRefGroup = FA56E69F2DA6E980006430E7 /* Products */;
			projectDirPath = "";
			projectRoot = "";
			targets = (
				FA56E69D2DA6E980006430E7 /* AppCICDSwiftUI */,
				FA56E6AD2DA6E981006430E7 /* AppCICDSwiftUITests */,
				FA56E6B72DA6E981006430E7 /* AppCICDSwiftUIUITests */,
			);
		};
/* End PBXProject section */

/* Begin PBXResourcesBuildPhase section */
		FA56E69C2DA6E980006430E7 /* Resources */ = {
			isa = PBXResourcesBuildPhase;
			buildActionMask = 2147483647;
			files = (
			);
			runOnlyForDeploymentPostprocessing = 0;
		};
		FA56E6AC2DA6E981006430E7 /* Resources */ = {
			isa = PBXResourcesBuildPhase;
			buildActionMask = 2147483647;
			files = (
			);
			runOnlyForDeploymentPostprocessing = 0;
		};
		FA56E6B62DA6E981006430E7 /* Resources */ = {
			isa = PBXResourcesBuildPhase;
			buildActionMask = 2147483647;
			files = (
			);
			runOnlyForDeploymentPostprocessing = 0;
		};
/* End PBXResourcesBuildPhase section */

/* Begin PBXShellScriptBuildPhase section */
		2B0873AADA5B56AEE6ED508C /* [CP] Embed Pods Frameworks */ = {
			isa = PBXShellScriptBuildPhase;
			buildActionMask = 2147483647;
			files = (
			);
			inputFileListPaths = (
				"${PODS_ROOT}/Target Support Files/Pods-AppCICDSwiftUI/Pods-AppCICDSwiftUI-frameworks-${CONFIGURATION}-input-files.xcfilelist",
			);
			name = "[CP] Embed Pods Frameworks";
			outputFileListPaths = (
				"${PODS_ROOT}/Target Support Files/Pods-AppCICDSwiftUI/Pods-AppCICDSwiftUI-frameworks-${CONFIGURATION}-output-files.xcfilelist",
			);
			runOnlyForDeploymentPostprocessing = 0;
			shellPath = /bin/sh;
			shellScript = "\"${PODS_ROOT}/Target Support Files/Pods-AppCICDSwiftUI/Pods-AppCICDSwiftUI-frameworks.sh\"\n";
			showEnvVarsInLog = 0;
		};
		2C163F2037FD9CC61F741BCA /* [CP] Check Pods Manifest.lock */ = {
			isa = PBXShellScriptBuildPhase;
			buildActionMask = 2147483647;
			files = (
			);
			inputFileListPaths = (
			);
			inputPaths = (
				"${PODS_PODFILE_DIR_PATH}/Podfile.lock",
				"${PODS_ROOT}/Manifest.lock",
			);
			name = "[CP] Check Pods Manifest.lock";
			outputFileListPaths = (
			);
			outputPaths = (
				"$(DERIVED_FILE_DIR)/Pods-AppCICDSwiftUI-AppCICDSwiftUITests-checkManifestLockResult.txt",
			);
			runOnlyForDeploymentPostprocessing = 0;
			shellPath = /bin/sh;
			shellScript = "diff \"${PODS_PODFILE_DIR_PATH}/Podfile.lock\" \"${PODS_ROOT}/Manifest.lock\" > /dev/null\nif [ $? != 0 ] ; then\n    # print error to STDERR\n    echo \"error: The sandbox is not in sync with the Podfile.lock. Run 'pod install' or update your CocoaPods installation.\" >&2\n    exit 1\nfi\n# This output is used by Xcode 'outputs' to avoid re-running this script phase.\necho \"SUCCESS\" > \"${SCRIPT_OUTPUT_FILE_0}\"\n";
			showEnvVarsInLog = 0;
		};
		36D9B3BECC3700A3BD27E331 /* [CP] Check Pods Manifest.lock */ = {
			isa = PBXShellScriptBuildPhase;
			buildActionMask = 2147483647;
			files = (
			);
			inputFileListPaths = (
			);
			inputPaths = (
				"${PODS_PODFILE_DIR_PATH}/Podfile.lock",
				"${PODS_ROOT}/Manifest.lock",
			);
			name = "[CP] Check Pods Manifest.lock";
			outputFileListPaths = (
			);
			outputPaths = (
				"$(DERIVED_FILE_DIR)/Pods-AppCICDSwiftUI-AppCICDSwiftUIUITests-checkManifestLockResult.txt",
			);
			runOnlyForDeploymentPostprocessing = 0;
			shellPath = /bin/sh;
			shellScript = "diff \"${PODS_PODFILE_DIR_PATH}/Podfile.lock\" \"${PODS_ROOT}/Manifest.lock\" > /dev/null\nif [ $? != 0 ] ; then\n    # print error to STDERR\n    echo \"error: The sandbox is not in sync with the Podfile.lock. Run 'pod install' or update your CocoaPods installation.\" >&2\n    exit 1\nfi\n# This output is used by Xcode 'outputs' to avoid re-running this script phase.\necho \"SUCCESS\" > \"${SCRIPT_OUTPUT_FILE_0}\"\n";
			showEnvVarsInLog = 0;
		};
		5D394570BAAF7A35CE055968 /* [CP] Embed Pods Frameworks */ = {
			isa = PBXShellScriptBuildPhase;
			buildActionMask = 2147483647;
			files = (
			);
			inputFileListPaths = (
				"${PODS_ROOT}/Target Support Files/Pods-AppCICDSwiftUI-AppCICDSwiftUITests/Pods-AppCICDSwiftUI-AppCICDSwiftUITests-frameworks-${CONFIGURATION}-input-files.xcfilelist",
			);
			name = "[CP] Embed Pods Frameworks";
			outputFileListPaths = (
				"${PODS_ROOT}/Target Support Files/Pods-AppCICDSwiftUI-AppCICDSwiftUITests/Pods-AppCICDSwiftUI-AppCICDSwiftUITests-frameworks-${CONFIGURATION}-output-files.xcfilelist",
			);
			runOnlyForDeploymentPostprocessing = 0;
			shellPath = /bin/sh;
			shellScript = "\"${PODS_ROOT}/Target Support Files/Pods-AppCICDSwiftUI-AppCICDSwiftUITests/Pods-AppCICDSwiftUI-AppCICDSwiftUITests-frameworks.sh\"\n";
			showEnvVarsInLog = 0;
		};
		CDFD39E3AA384335120ABC27 /* [CP] Embed Pods Frameworks */ = {
			isa = PBXShellScriptBuildPhase;
			buildActionMask = 2147483647;
			files = (
			);
			inputFileListPaths = (
				"${PODS_ROOT}/Target Support Files/Pods-AppCICDSwiftUI-AppCICDSwiftUIUITests/Pods-AppCICDSwiftUI-AppCICDSwiftUIUITests-frameworks-${CONFIGURATION}-input-files.xcfilelist",
			);
			name = "[CP] Embed Pods Frameworks";
			outputFileListPaths = (
				"${PODS_ROOT}/Target Support Files/Pods-AppCICDSwiftUI-AppCICDSwiftUIUITests/Pods-AppCICDSwiftUI-AppCICDSwiftUIUITests-frameworks-${CONFIGURATION}-output-files.xcfilelist",
			);
			runOnlyForDeploymentPostprocessing = 0;
			shellPath = /bin/sh;
			shellScript = "\"${PODS_ROOT}/Target Support Files/Pods-AppCICDSwiftUI-AppCICDSwiftUIUITests/Pods-AppCICDSwiftUI-AppCICDSwiftUIUITests-frameworks.sh\"\n";
			showEnvVarsInLog = 0;
		};
		DFB55E6C11FB8565F9F5B659 /* [CP] Check Pods Manifest.lock */ = {
			isa = PBXShellScriptBuildPhase;
			buildActionMask = 2147483647;
			files = (
			);
			inputFileListPaths = (
			);
			inputPaths = (
				"${PODS_PODFILE_DIR_PATH}/Podfile.lock",
				"${PODS_ROOT}/Manifest.lock",
			);
			name = "[CP] Check Pods Manifest.lock";
			outputFileListPaths = (
			);
			outputPaths = (
				"$(DERIVED_FILE_DIR)/Pods-AppCICDSwiftUI-checkManifestLockResult.txt",
			);
			runOnlyForDeploymentPostprocessing = 0;
			shellPath = /bin/sh;
			shellScript = "diff \"${PODS_PODFILE_DIR_PATH}/Podfile.lock\" \"${PODS_ROOT}/Manifest.lock\" > /dev/null\nif [ $? != 0 ] ; then\n    # print error to STDERR\n    echo \"error: The sandbox is not in sync with the Podfile.lock. Run 'pod install' or update your CocoaPods installation.\" >&2\n    exit 1\nfi\n# This output is used by Xcode 'outputs' to avoid re-running this script phase.\necho \"SUCCESS\" > \"${SCRIPT_OUTPUT_FILE_0}\"\n";
			showEnvVarsInLog = 0;
		};
/* End PBXShellScriptBuildPhase section */

/* Begin PBXSourcesBuildPhase section */
		FA56E69A2DA6E980006430E7 /* Sources */ = {
			isa = PBXSourcesBuildPhase;
			buildActionMask = 2147483647;
			files = (
			);
			runOnlyForDeploymentPostprocessing = 0;
		};
		FA56E6AA2DA6E981006430E7 /* Sources */ = {
			isa = PBXSourcesBuildPhase;
			buildActionMask = 2147483647;
			files = (
			);
			runOnlyForDeploymentPostprocessing = 0;
		};
		FA56E6B42DA6E981006430E7 /* Sources */ = {
			isa = PBXSourcesBuildPhase;
			buildActionMask = 2147483647;
			files = (
			);
			runOnlyForDeploymentPostprocessing = 0;
		};
/* End PBXSourcesBuildPhase section */

/* Begin PBXTargetDependency section */
		FA56E6B02DA6E981006430E7 /* PBXTargetDependency */ = {
			isa = PBXTargetDependency;
			target = FA56E69D2DA6E980006430E7 /* AppCICDSwiftUI */;
			targetProxy = FA56E6AF2DA6E981006430E7 /* PBXContainerItemProxy */;
		};
		FA56E6BA2DA6E981006430E7 /* PBXTargetDependency */ = {
			isa = PBXTargetDependency;
			target = FA56E69D2DA6E980006430E7 /* AppCICDSwiftUI */;
			targetProxy = FA56E6B92DA6E981006430E7 /* PBXContainerItemProxy */;
		};
/* End PBXTargetDependency section */

/* Begin XCBuildConfiguration section */
		FA56E6C02DA6E981006430E7 /* Debug */ = {
			isa = XCBuildConfiguration;
			buildSettings = {
				ALWAYS_SEARCH_USER_PATHS = NO;
				ASSETCATALOG_COMPILER_GENERATE_SWIFT_ASSET_SYMBOL_EXTENSIONS = YES;
				CLANG_ANALYZER_NONNULL = YES;
				CLANG_ANALYZER_NUMBER_OBJECT_CONVERSION = YES_AGGRESSIVE;
				CLANG_CXX_LANGUAGE_STANDARD = "gnu++20";
				CLANG_ENABLE_MODULES = YES;
				CLANG_ENABLE_OBJC_ARC = YES;
				CLANG_ENABLE_OBJC_WEAK = YES;
				CLANG_WARN_BLOCK_CAPTURE_AUTORELEASING = YES;
				CLANG_WARN_BOOL_CONVERSION = YES;
				CLANG_WARN_COMMA = YES;
				CLANG_WARN_CONSTANT_CONVERSION = YES;
				CLANG_WARN_DEPRECATED_OBJC_IMPLEMENTATIONS = YES;
				CLANG_WARN_DIRECT_OBJC_ISA_USAGE = YES_ERROR;
				CLANG_WARN_DOCUMENTATION_COMMENTS = YES;
				CLANG_WARN_EMPTY_BODY = YES;
				CLANG_WARN_ENUM_CONVERSION = YES;
				CLANG_WARN_INFINITE_RECURSION = YES;
				CLANG_WARN_INT_CONVERSION = YES;
				CLANG_WARN_NON_LITERAL_NULL_CONVERSION = YES;
				CLANG_WARN_OBJC_IMPLICIT_RETAIN_SELF = YES;
				CLANG_WARN_OBJC_LITERAL_CONVERSION = YES;
				CLANG_WARN_OBJC_ROOT_CLASS = YES_ERROR;
				CLANG_WARN_QUOTED_INCLUDE_IN_FRAMEWORK_HEADER = YES;
				CLANG_WARN_RANGE_LOOP_ANALYSIS = YES;
				CLANG_WARN_STRICT_PROTOTYPES = YES;
				CLANG_WARN_SUSPICIOUS_MOVE = YES;
				CLANG_WARN_UNGUARDED_AVAILABILITY = YES_AGGRESSIVE;
				CLANG_WARN_UNREACHABLE_CODE = YES;
				CLANG_WARN__DUPLICATE_METHOD_MATCH = YES;
				COPY_PHASE_STRIP = NO;
				DEBUG_INFORMATION_FORMAT = dwarf;
				ENABLE_STRICT_OBJC_MSGSEND = YES;
				ENABLE_TESTABILITY = YES;
				ENABLE_USER_SCRIPT_SANDBOXING = NO;
				GCC_C_LANGUAGE_STANDARD = gnu17;
				GCC_DYNAMIC_NO_PIC = NO;
				GCC_NO_COMMON_BLOCKS = YES;
				GCC_OPTIMIZATION_LEVEL = 0;
				GCC_PREPROCESSOR_DEFINITIONS = (
					"DEBUG=1",
					"$(inherited)",
				);
				GCC_WARN_64_TO_32_BIT_CONVERSION = YES;
				GCC_WARN_ABOUT_RETURN_TYPE = YES_ERROR;
				GCC_WARN_UNDECLARED_SELECTOR = YES;
				GCC_WARN_UNINITIALIZED_AUTOS = YES_AGGRESSIVE;
				GCC_WARN_UNUSED_FUNCTION = YES;
				GCC_WARN_UNUSED_VARIABLE = YES;
				IPHONEOS_DEPLOYMENT_TARGET = 18.1;
				LOCALIZATION_PREFERS_STRING_CATALOGS = YES;
				MTL_ENABLE_DEBUG_INFO = INCLUDE_SOURCE;
				MTL_FAST_MATH = YES;
				ONLY_ACTIVE_ARCH = YES;
				SDKROOT = iphoneos;
				SWIFT_ACTIVE_COMPILATION_CONDITIONS = "DEBUG $(inherited)";
				SWIFT_OPTIMIZATION_LEVEL = "-Onone";
			};
			name = Debug;
		};
		FA56E6C12DA6E981006430E7 /* Release */ = {
			isa = XCBuildConfiguration;
			buildSettings = {
				ALWAYS_SEARCH_USER_PATHS = NO;
				ASSETCATALOG_COMPILER_GENERATE_SWIFT_ASSET_SYMBOL_EXTENSIONS = YES;
				CLANG_ANALYZER_NONNULL = YES;
				CLANG_ANALYZER_NUMBER_OBJECT_CONVERSION = YES_AGGRESSIVE;
				CLANG_CXX_LANGUAGE_STANDARD = "gnu++20";
				CLANG_ENABLE_MODULES = YES;
				CLANG_ENABLE_OBJC_ARC = YES;
				CLANG_ENABLE_OBJC_WEAK = YES;
				CLANG_WARN_BLOCK_CAPTURE_AUTORELEASING = YES;
				CLANG_WARN_BOOL_CONVERSION = YES;
				CLANG_WARN_COMMA = YES;
				CLANG_WARN_CONSTANT_CONVERSION = YES;
				CLANG_WARN_DEPRECATED_OBJC_IMPLEMENTATIONS = YES;
				CLANG_WARN_DIRECT_OBJC_ISA_USAGE = YES_ERROR;
				CLANG_WARN_DOCUMENTATION_COMMENTS = YES;
				CLANG_WARN_EMPTY_BODY = YES;
				CLANG_WARN_ENUM_CONVERSION = YES;
				CLANG_WARN_INFINITE_RECURSION = YES;
				CLANG_WARN_INT_CONVERSION = YES;
				CLANG_WARN_NON_LITERAL_NULL_CONVERSION = YES;
				CLANG_WARN_OBJC_IMPLICIT_RETAIN_SELF = YES;
				CLANG_WARN_OBJC_LITERAL_CONVERSION = YES;
				CLANG_WARN_OBJC_ROOT_CLASS = YES_ERROR;
				CLANG_WARN_QUOTED_INCLUDE_IN_FRAMEWORK_HEADER = YES;
				CLANG_WARN_RANGE_LOOP_ANALYSIS = YES;
				CLANG_WARN_STRICT_PROTOTYPES = YES;
				CLANG_WARN_SUSPICIOUS_MOVE = YES;
				CLANG_WARN_UNGUARDED_AVAILABILITY = YES_AGGRESSIVE;
				CLANG_WARN_UNREACHABLE_CODE = YES;
				CLANG_WARN__DUPLICATE_METHOD_MATCH = YES;
				COPY_PHASE_STRIP = NO;
				DEBUG_INFORMATION_FORMAT = "dwarf-with-dsym";
				ENABLE_NS_ASSERTIONS = NO;
				ENABLE_STRICT_OBJC_MSGSEND = YES;
				ENABLE_USER_SCRIPT_SANDBOXING = NO;
				GCC_C_LANGUAGE_STANDARD = gnu17;
				GCC_NO_COMMON_BLOCKS = YES;
				GCC_WARN_64_TO_32_BIT_CONVERSION = YES;
				GCC_WARN_ABOUT_RETURN_TYPE = YES_ERROR;
				GCC_WARN_UNDECLARED_SELECTOR = YES;
				GCC_WARN_UNINITIALIZED_AUTOS = YES_AGGRESSIVE;
				GCC_WARN_UNUSED_FUNCTION = YES;
				GCC_WARN_UNUSED_VARIABLE = YES;
				IPHONEOS_DEPLOYMENT_TARGET = 18.1;
				LOCALIZATION_PREFERS_STRING_CATALOGS = YES;
				MTL_ENABLE_DEBUG_INFO = NO;
				MTL_FAST_MATH = YES;
				SDKROOT = iphoneos;
				SWIFT_COMPILATION_MODE = wholemodule;
				VALIDATE_PRODUCT = YES;
			};
			name = Release;
		};
		FA56E6C32DA6E981006430E7 /* Debug */ = {
			isa = XCBuildConfiguration;
			baseConfigurationReference = 004F6C7ACA14A809C114DF6C /* Pods-AppCICDSwiftUI.debug.xcconfig */;
			buildSettings = {
				ASSETCATALOG_COMPILER_APPICON_NAME = AppIcon;
				ASSETCATALOG_COMPILER_GLOBAL_ACCENT_COLOR_NAME = AccentColor;
				CODE_SIGN_IDENTITY = "Apple Development";
				CODE_SIGN_STYLE = Manual;
				CURRENT_PROJECT_VERSION = 2;
				DEVELOPMENT_ASSET_PATHS = "\"AppCICDSwiftUI/Preview Content\"";
				DEVELOPMENT_TEAM = "";
				ENABLE_PREVIEWS = YES;
				GENERATE_INFOPLIST_FILE = YES;
				INFOPLIST_KEY_UIApplicationSceneManifest_Generation = YES;
				INFOPLIST_KEY_UIApplicationSupportsIndirectInputEvents = YES;
				INFOPLIST_KEY_UILaunchScreen_Generation = YES;
				INFOPLIST_KEY_UISupportedInterfaceOrientations = "UIInterfaceOrientationLandscapeLeft UIInterfaceOrientationLandscapeRight UIInterfaceOrientationPortrait";
				INFOPLIST_KEY_UISupportedInterfaceOrientations_iPad = "UIInterfaceOrientationLandscapeLeft UIInterfaceOrientationLandscapeRight UIInterfaceOrientationPortrait UIInterfaceOrientationPortraitUpsideDown";
				IPHONEOS_DEPLOYMENT_TARGET = 17.6;
				LD_RUNPATH_SEARCH_PATHS = (
					"$(inherited)",
					"@executable_path/Frameworks",
				);
				MARKETING_VERSION = 1.0;
				PRODUCT_BUNDLE_IDENTIFIER = com.sralexco.AppCICD;
				PRODUCT_NAME = "$(TARGET_NAME)";
				PROVISIONING_PROFILE_SPECIFIER = "";
				SUPPORTED_PLATFORMS = "iphoneos iphonesimulator";
				SUPPORTS_MACCATALYST = NO;
				SUPPORTS_MAC_DESIGNED_FOR_IPHONE_IPAD = NO;
				SUPPORTS_XR_DESIGNED_FOR_IPHONE_IPAD = NO;
				SWIFT_EMIT_LOC_STRINGS = YES;
				SWIFT_VERSION = 5.0;
				TARGETED_DEVICE_FAMILY = "1,2";
			};
			name = Debug;
		};
		FA56E6C42DA6E981006430E7 /* Release */ = {
			isa = XCBuildConfiguration;
			baseConfigurationReference = 21E40CC1C257EEF8A1252B0E /* Pods-AppCICDSwiftUI.release.xcconfig */;
			buildSettings = {
				ASSETCATALOG_COMPILER_APPICON_NAME = AppIcon;
				ASSETCATALOG_COMPILER_GLOBAL_ACCENT_COLOR_NAME = AccentColor;
				CODE_SIGN_IDENTITY = "Apple Development";
				CODE_SIGN_STYLE = Manual;
				CURRENT_PROJECT_VERSION = 2;
				DEVELOPMENT_ASSET_PATHS = "\"AppCICDSwiftUI/Preview Content\"";
				DEVELOPMENT_TEAM = "";
				ENABLE_PREVIEWS = YES;
				GENERATE_INFOPLIST_FILE = YES;
				INFOPLIST_KEY_UIApplicationSceneManifest_Generation = YES;
				INFOPLIST_KEY_UIApplicationSupportsIndirectInputEvents = YES;
				INFOPLIST_KEY_UILaunchScreen_Generation = YES;
				INFOPLIST_KEY_UISupportedInterfaceOrientations = "UIInterfaceOrientationLandscapeLeft UIInterfaceOrientationLandscapeRight UIInterfaceOrientationPortrait";
				INFOPLIST_KEY_UISupportedInterfaceOrientations_iPad = "UIInterfaceOrientationLandscapeLeft UIInterfaceOrientationLandscapeRight UIInterfaceOrientationPortrait UIInterfaceOrientationPortraitUpsideDown";
				IPHONEOS_DEPLOYMENT_TARGET = 17.6;
				LD_RUNPATH_SEARCH_PATHS = (
					"$(inherited)",
					"@executable_path/Frameworks",
				);
				MARKETING_VERSION = 1.0;
				PRODUCT_BUNDLE_IDENTIFIER = com.sralexco.AppCICD;
				PRODUCT_NAME = "$(TARGET_NAME)";
				PROVISIONING_PROFILE_SPECIFIER = "";
				SUPPORTED_PLATFORMS = "iphoneos iphonesimulator";
				SUPPORTS_MACCATALYST = NO;
				SUPPORTS_MAC_DESIGNED_FOR_IPHONE_IPAD = NO;
				SUPPORTS_XR_DESIGNED_FOR_IPHONE_IPAD = NO;
				SWIFT_EMIT_LOC_STRINGS = YES;
				SWIFT_VERSION = 5.0;
				TARGETED_DEVICE_FAMILY = "1,2";
			};
			name = Release;
		};
		FA56E6C62DA6E981006430E7 /* Debug */ = {
			isa = XCBuildConfiguration;
			baseConfigurationReference = C70AAEBD344C008EF7513344 /* Pods-AppCICDSwiftUI-AppCICDSwiftUITests.debug.xcconfig */;
			buildSettings = {
				BUNDLE_LOADER = "$(TEST_HOST)";
				CODE_SIGN_IDENTITY = "Apple Development";
				CODE_SIGN_STYLE = Automatic;
				CURRENT_PROJECT_VERSION = 1;
				DEVELOPMENT_TEAM = 4LGFTVM7WD;
				GENERATE_INFOPLIST_FILE = YES;
				IPHONEOS_DEPLOYMENT_TARGET = 18.1;
				MARKETING_VERSION = 1.0;
				PRODUCT_BUNDLE_IDENTIFIER = com.sralexco.AppCICDTests;
				PRODUCT_NAME = "$(TARGET_NAME)";
				PROVISIONING_PROFILE_SPECIFIER = "";
				SWIFT_EMIT_LOC_STRINGS = NO;
				SWIFT_VERSION = 5.0;
				TARGETED_DEVICE_FAMILY = "1,2";
				TEST_HOST = "$(BUILT_PRODUCTS_DIR)/AppCICDSwiftUI.app/$(BUNDLE_EXECUTABLE_FOLDER_PATH)/AppCICDSwiftUI";
			};
			name = Debug;
		};
		FA56E6C72DA6E981006430E7 /* Release */ = {
			isa = XCBuildConfiguration;
			baseConfigurationReference = F04B5C4A15DD0158D593277A /* Pods-AppCICDSwiftUI-AppCICDSwiftUITests.release.xcconfig */;
			buildSettings = {
				BUNDLE_LOADER = "$(TEST_HOST)";
				CODE_SIGN_IDENTITY = "Apple Development";
				CODE_SIGN_STYLE = Automatic;
				CURRENT_PROJECT_VERSION = 1;
				DEVELOPMENT_TEAM = 4LGFTVM7WD;
				GENERATE_INFOPLIST_FILE = YES;
				IPHONEOS_DEPLOYMENT_TARGET = 18.1;
				MARKETING_VERSION = 1.0;
				PRODUCT_BUNDLE_IDENTIFIER = com.sralexco.AppCICDTests;
				PRODUCT_NAME = "$(TARGET_NAME)";
				PROVISIONING_PROFILE_SPECIFIER = "";
				SWIFT_EMIT_LOC_STRINGS = NO;
				SWIFT_VERSION = 5.0;
				TARGETED_DEVICE_FAMILY = "1,2";
				TEST_HOST = "$(BUILT_PRODUCTS_DIR)/AppCICDSwiftUI.app/$(BUNDLE_EXECUTABLE_FOLDER_PATH)/AppCICDSwiftUI";
			};
			name = Release;
		};
		FA56E6C92DA6E981006430E7 /* Debug */ = {
			isa = XCBuildConfiguration;
			baseConfigurationReference = 9D74A98172AA4D14EC757DEC /* Pods-AppCICDSwiftUI-AppCICDSwiftUIUITests.debug.xcconfig */;
			buildSettings = {
				CODE_SIGN_IDENTITY = "Apple Development";
				CODE_SIGN_STYLE = Automatic;
				CURRENT_PROJECT_VERSION = 1;
				DEVELOPMENT_TEAM = 4LGFTVM7WD;
				GENERATE_INFOPLIST_FILE = YES;
				MARKETING_VERSION = 1.0;
				PRODUCT_BUNDLE_IDENTIFIER = com.sralexco.AppCICDUITests;
				PRODUCT_NAME = "$(TARGET_NAME)";
				PROVISIONING_PROFILE_SPECIFIER = "";
				SWIFT_EMIT_LOC_STRINGS = NO;
				SWIFT_VERSION = 5.0;
				TARGETED_DEVICE_FAMILY = "1,2";
				TEST_TARGET_NAME = AppCICDSwiftUI;
			};
			name = Debug;
		};
		FA56E6CA2DA6E981006430E7 /* Release */ = {
			isa = XCBuildConfiguration;
			baseConfigurationReference = 29EC6807369D712136D7DA16 /* Pods-AppCICDSwiftUI-AppCICDSwiftUIUITests.release.xcconfig */;
			buildSettings = {
				CODE_SIGN_IDENTITY = "Apple Development";
				CODE_SIGN_STYLE = Automatic;
				CURRENT_PROJECT_VERSION = 1;
				DEVELOPMENT_TEAM = 4LGFTVM7WD;
				GENERATE_INFOPLIST_FILE = YES;
				MARKETING_VERSION = 1.0;
				PRODUCT_BUNDLE_IDENTIFIER = com.sralexco.AppCICDUITests;
				PRODUCT_NAME = "$(TARGET_NAME)";
				PROVISIONING_PROFILE_SPECIFIER = "";
				SWIFT_EMIT_LOC_STRINGS = NO;
				SWIFT_VERSION = 5.0;
				TARGETED_DEVICE_FAMILY = "1,2";
				TEST_TARGET_NAME = AppCICDSwiftUI;
			};
			name = Release;
		};
/* End XCBuildConfiguration section */

/* Begin XCConfigurationList section */
		FA56E6992DA6E980006430E7 /* Build configuration list for PBXProject "AppCICDSwiftUI" */ = {
			isa = XCConfigurationList;
			buildConfigurations = (
				FA56E6C02DA6E981006430E7 /* Debug */,
				FA56E6C12DA6E981006430E7 /* Release */,
			);
			defaultConfigurationIsVisible = 0;
			defaultConfigurationName = Release;
		};
		FA56E6C22DA6E981006430E7 /* Build configuration list for PBXNativeTarget "AppCICDSwiftUI" */ = {
			isa = XCConfigurationList;
			buildConfigurations = (
				FA56E6C32DA6E981006430E7 /* Debug */,
				FA56E6C42DA6E981006430E7 /* Release */,
			);
			defaultConfigurationIsVisible = 0;
			defaultConfigurationName = Release;
		};
		FA56E6C52DA6E981006430E7 /* Build configuration list for PBXNativeTarget "AppCICDSwiftUITests" */ = {
			isa = XCConfigurationList;
			buildConfigurations = (
				FA56E6C62DA6E981006430E7 /* Debug */,
				FA56E6C72DA6E981006430E7 /* Release */,
			);
			defaultConfigurationIsVisible = 0;
			defaultConfigurationName = Release;
		};
		FA56E6C82DA6E981006430E7 /* Build configuration list for PBXNativeTarget "AppCICDSwiftUIUITests" */ = {
			isa = XCConfigurationList;
			buildConfigurations = (
				FA56E6C92DA6E981006430E7 /* Debug */,
				FA56E6CA2DA6E981006430E7 /* Release */,
			);
			defaultConfigurationIsVisible = 0;
			defaultConfigurationName = Release;
		};
/* End XCConfigurationList section */
	};
	rootObject = FA56E6962DA6E980006430E7 /* Project object */;
}
